Microsoft Visual Studio Solution File, Format Version 11.00
# Visual Studio 2008

Project("{869B0BC4-AE3F-97FC-735C-133E61471C33}") = "GameJamStyczen2017", "Assembly-CSharp.csproj", "{52E14F3A-520A-1DC3-6A00-AF08D684E808}"
EndProject
Global
	GlobalSection(SolutionConfigurationPlatforms) = preSolution
		Debug|Any CPU = Debug|Any CPU
		Release|Any CPU = Release|Any CPU
	EndGlobalSection
	GlobalSection(ProjectConfigurationPlatforms) = postSolution
		{52E14F3A-520A-1DC3-6A00-AF08D684E808}.Debug|Any CPU.ActiveCfg = Debug|Any CPU
		{52E14F3A-520A-1DC3-6A00-AF08D684E808}.Debug|Any CPU.Build.0 = Debug|Any CPU
		{52E14F3A-520A-1DC3-6A00-AF08D684E808}.Release|Any CPU.ActiveCfg = Release|Any CPU
		{52E14F3A-520A-1DC3-6A00-AF08D684E808}.Release|Any CPU.Build.0 = Release|Any CPU
	EndGlobalSection
	GlobalSection(SolutionProperties) = preSolution
		HideSolutionNode = FALSE
	EndGlobalSection
	GlobalSection(MonoDevelopProperties) = preSolution
		StartupItem = Assembly-CSharp.csproj
	EndGlobalSection
EndGlobal
